// !$*UTF8*$!
{
	archiveVersion = 1;
	classes = {
	};
	objectVersion = 46;
	objects = {

/* Begin PBXBuildFile section */
		CB3DCE091AF1CE5900251A4B /* BLCUser.m in Sources */ = {isa = PBXBuildFile; fileRef = CB3DCE081AF1CE5900251A4B /* BLCUser.m */; };
		CB3DCE0C1AF1CF4900251A4B /* BLCMedia.m in Sources */ = {isa = PBXBuildFile; fileRef = CB3DCE0B1AF1CF4900251A4B /* BLCMedia.m */; };
		CB3DCE0F1AF1D0BA00251A4B /* BLCComment.m in Sources */ = {isa = PBXBuildFile; fileRef = CB3DCE0E1AF1D0BA00251A4B /* BLCComment.m */; };
		CB3DCE121AF1D14900251A4B /* BLCDatasource.m in Sources */ = {isa = PBXBuildFile; fileRef = CB3DCE111AF1D14900251A4B /* BLCDatasource.m */; };
		CB3DCE151AF2BBE500251A4B /* BLCMediaTableViewCell.m in Sources */ = {isa = PBXBuildFile; fileRef = CB3DCE141AF2BBE500251A4B /* BLCMediaTableViewCell.m */; };
		CB6FAD841ACDB5F900E337C7 /* main.m in Sources */ = {isa = PBXBuildFile; fileRef = CB6FAD831ACDB5F900E337C7 /* main.m */; };
		CB6FAD871ACDB5F900E337C7 /* AppDelegate.m in Sources */ = {isa = PBXBuildFile; fileRef = CB6FAD861ACDB5F900E337C7 /* AppDelegate.m */; };
		CB6FAD8A1ACDB5F900E337C7 /* ViewController.m in Sources */ = {isa = PBXBuildFile; fileRef = CB6FAD891ACDB5F900E337C7 /* ViewController.m */; };
		CB6FAD8F1ACDB5F900E337C7 /* Images.xcassets in Resources */ = {isa = PBXBuildFile; fileRef = CB6FAD8E1ACDB5F900E337C7 /* Images.xcassets */; };
		CB6FAD9E1ACDB5FA00E337C7 /* BlocStagramTests.m in Sources */ = {isa = PBXBuildFile; fileRef = CB6FAD9D1ACDB5FA00E337C7 /* BlocStagramTests.m */; };
		CB6FADA81ACDB7BE00E337C7 /* Default-568h@2x.png in Resources */ = {isa = PBXBuildFile; fileRef = CB6FADA71ACDB7BE00E337C7 /* Default-568h@2x.png */; };
		CB6FADB41ACDB8AF00E337C7 /* 1.jpg in Resources */ = {isa = PBXBuildFile; fileRef = CB6FADAA1ACDB8AF00E337C7 /* 1.jpg */; };
		CB6FADB51ACDB8AF00E337C7 /* 2.jpg in Resources */ = {isa = PBXBuildFile; fileRef = CB6FADAB1ACDB8AF00E337C7 /* 2.jpg */; };
		CB6FADB61ACDB8AF00E337C7 /* 3.jpg in Resources */ = {isa = PBXBuildFile; fileRef = CB6FADAC1ACDB8AF00E337C7 /* 3.jpg */; };
		CB6FADB71ACDB8AF00E337C7 /* 4.jpg in Resources */ = {isa = PBXBuildFile; fileRef = CB6FADAD1ACDB8AF00E337C7 /* 4.jpg */; };
		CB6FADB81ACDB8AF00E337C7 /* 5.jpg in Resources */ = {isa = PBXBuildFile; fileRef = CB6FADAE1ACDB8AF00E337C7 /* 5.jpg */; };
		CB6FADB91ACDB8AF00E337C7 /* 6.jpg in Resources */ = {isa = PBXBuildFile; fileRef = CB6FADAF1ACDB8AF00E337C7 /* 6.jpg */; };
		CB6FADBA1ACDB8AF00E337C7 /* 7.jpg in Resources */ = {isa = PBXBuildFile; fileRef = CB6FADB01ACDB8AF00E337C7 /* 7.jpg */; };
		CB6FADBB1ACDB8AF00E337C7 /* 8.jpg in Resources */ = {isa = PBXBuildFile; fileRef = CB6FADB11ACDB8AF00E337C7 /* 8.jpg */; };
		CB6FADBC1ACDB8AF00E337C7 /* 9.jpg in Resources */ = {isa = PBXBuildFile; fileRef = CB6FADB21ACDB8AF00E337C7 /* 9.jpg */; };
		CB6FADBD1ACDB8AF00E337C7 /* 10.jpg in Resources */ = {isa = PBXBuildFile; fileRef = CB6FADB31ACDB8AF00E337C7 /* 10.jpg */; };
		CB70736F1AE1A91400B3B88E /* ImagesTableViewController.m in Sources */ = {isa = PBXBuildFile; fileRef = CB70736E1AE1A91400B3B88E /* ImagesTableViewController.m */; };
		CB8AE5B61B5D37E400C08DDE /* BLCLoginViewController.m in Sources */ = {isa = PBXBuildFile; fileRef = CB8AE5B51B5D37E400C08DDE /* BLCLoginViewController.m */; };
/* End PBXBuildFile section */

/* Begin PBXContainerItemProxy section */
		CB6FAD981ACDB5FA00E337C7 /* PBXContainerItemProxy */ = {
			isa = PBXContainerItemProxy;
			containerPortal = CB6FAD761ACDB5F900E337C7 /* Project object */;
			proxyType = 1;
			remoteGlobalIDString = CB6FAD7D1ACDB5F900E337C7;
			remoteInfo = BlocStagram;
		};
/* End PBXContainerItemProxy section */

/* Begin PBXFileReference section */
		CB3DCE071AF1CE5900251A4B /* BLCUser.h */ = {isa = PBXFileReference; fileEncoding = 4; lastKnownFileType = sourcecode.c.h; path = BLCUser.h; sourceTree = "<group>"; };
		CB3DCE081AF1CE5900251A4B /* BLCUser.m */ = {isa = PBXFileReference; fileEncoding = 4; lastKnownFileType = sourcecode.c.objc; path = BLCUser.m; sourceTree = "<group>"; };
		CB3DCE0A1AF1CF4900251A4B /* BLCMedia.h */ = {isa = PBXFileReference; fileEncoding = 4; lastKnownFileType = sourcecode.c.h; path = BLCMedia.h; sourceTree = "<group>"; };
		CB3DCE0B1AF1CF4900251A4B /* BLCMedia.m */ = {isa = PBXFileReference; fileEncoding = 4; lastKnownFileType = sourcecode.c.objc; path = BLCMedia.m; sourceTree = "<group>"; };
		CB3DCE0D1AF1D0BA00251A4B /* BLCComment.h */ = {isa = PBXFileReference; fileEncoding = 4; lastKnownFileType = sourcecode.c.h; path = BLCComment.h; sourceTree = "<group>"; };
		CB3DCE0E1AF1D0BA00251A4B /* BLCComment.m */ = {isa = PBXFileReference; fileEncoding = 4; lastKnownFileType = sourcecode.c.objc; path = BLCComment.m; sourceTree = "<group>"; };
		CB3DCE101AF1D14900251A4B /* BLCDatasource.h */ = {isa = PBXFileReference; fileEncoding = 4; lastKnownFileType = sourcecode.c.h; path = BLCDatasource.h; sourceTree = "<group>"; };
		CB3DCE111AF1D14900251A4B /* BLCDatasource.m */ = {isa = PBXFileReference; fileEncoding = 4; lastKnownFileType = sourcecode.c.objc; path = BLCDatasource.m; sourceTree = "<group>"; };
		CB3DCE131AF2BBE500251A4B /* BLCMediaTableViewCell.h */ = {isa = PBXFileReference; fileEncoding = 4; lastKnownFileType = sourcecode.c.h; path = BLCMediaTableViewCell.h; sourceTree = "<group>"; };
		CB3DCE141AF2BBE500251A4B /* BLCMediaTableViewCell.m */ = {isa = PBXFileReference; fileEncoding = 4; lastKnownFileType = sourcecode.c.objc; path = BLCMediaTableViewCell.m; sourceTree = "<group>"; };
		CB6FAD7E1ACDB5F900E337C7 /* BlocStagram.app */ = {isa = PBXFileReference; explicitFileType = wrapper.application; includeInIndex = 0; path = BlocStagram.app; sourceTree = BUILT_PRODUCTS_DIR; };
		CB6FAD821ACDB5F900E337C7 /* Info.plist */ = {isa = PBXFileReference; lastKnownFileType = text.plist.xml; path = Info.plist; sourceTree = "<group>"; };
		CB6FAD831ACDB5F900E337C7 /* main.m */ = {isa = PBXFileReference; lastKnownFileType = sourcecode.c.objc; path = main.m; sourceTree = "<group>"; };
		CB6FAD851ACDB5F900E337C7 /* AppDelegate.h */ = {isa = PBXFileReference; lastKnownFileType = sourcecode.c.h; path = AppDelegate.h; sourceTree = "<group>"; };
		CB6FAD861ACDB5F900E337C7 /* AppDelegate.m */ = {isa = PBXFileReference; lastKnownFileType = sourcecode.c.objc; path = AppDelegate.m; sourceTree = "<group>"; };
		CB6FAD881ACDB5F900E337C7 /* ViewController.h */ = {isa = PBXFileReference; lastKnownFileType = sourcecode.c.h; path = ViewController.h; sourceTree = "<group>"; };
		CB6FAD891ACDB5F900E337C7 /* ViewController.m */ = {isa = PBXFileReference; lastKnownFileType = sourcecode.c.objc; path = ViewController.m; sourceTree = "<group>"; };
		CB6FAD8E1ACDB5F900E337C7 /* Images.xcassets */ = {isa = PBXFileReference; lastKnownFileType = folder.assetcatalog; path = Images.xcassets; sourceTree = "<group>"; };
		CB6FAD971ACDB5FA00E337C7 /* BlocStagramTests.xctest */ = {isa = PBXFileReference; explicitFileType = wrapper.cfbundle; includeInIndex = 0; path = BlocStagramTests.xctest; sourceTree = BUILT_PRODUCTS_DIR; };
		CB6FAD9C1ACDB5FA00E337C7 /* Info.plist */ = {isa = PBXFileReference; lastKnownFileType = text.plist.xml; path = Info.plist; sourceTree = "<group>"; };
		CB6FAD9D1ACDB5FA00E337C7 /* BlocStagramTests.m */ = {isa = PBXFileReference; lastKnownFileType = sourcecode.c.objc; path = BlocStagramTests.m; sourceTree = "<group>"; };
		CB6FADA71ACDB7BE00E337C7 /* Default-568h@2x.png */ = {isa = PBXFileReference; lastKnownFileType = image.png; name = "Default-568h@2x.png"; path = "../Default-568h@2x.png"; sourceTree = "<group>"; };
		CB6FADAA1ACDB8AF00E337C7 /* 1.jpg */ = {isa = PBXFileReference; lastKnownFileType = image.jpeg; path = 1.jpg; sourceTree = "<group>"; };
		CB6FADAB1ACDB8AF00E337C7 /* 2.jpg */ = {isa = PBXFileReference; lastKnownFileType = image.jpeg; path = 2.jpg; sourceTree = "<group>"; };
		CB6FADAC1ACDB8AF00E337C7 /* 3.jpg */ = {isa = PBXFileReference; lastKnownFileType = image.jpeg; path = 3.jpg; sourceTree = "<group>"; };
		CB6FADAD1ACDB8AF00E337C7 /* 4.jpg */ = {isa = PBXFileReference; lastKnownFileType = image.jpeg; path = 4.jpg; sourceTree = "<group>"; };
		CB6FADAE1ACDB8AF00E337C7 /* 5.jpg */ = {isa = PBXFileReference; lastKnownFileType = image.jpeg; path = 5.jpg; sourceTree = "<group>"; };
		CB6FADAF1ACDB8AF00E337C7 /* 6.jpg */ = {isa = PBXFileReference; lastKnownFileType = image.jpeg; path = 6.jpg; sourceTree = "<group>"; };
		CB6FADB01ACDB8AF00E337C7 /* 7.jpg */ = {isa = PBXFileReference; lastKnownFileType = image.jpeg; path = 7.jpg; sourceTree = "<group>"; };
		CB6FADB11ACDB8AF00E337C7 /* 8.jpg */ = {isa = PBXFileReference; lastKnownFileType = image.jpeg; path = 8.jpg; sourceTree = "<group>"; };
		CB6FADB21ACDB8AF00E337C7 /* 9.jpg */ = {isa = PBXFileReference; lastKnownFileType = image.jpeg; path = 9.jpg; sourceTree = "<group>"; };
		CB6FADB31ACDB8AF00E337C7 /* 10.jpg */ = {isa = PBXFileReference; lastKnownFileType = image.jpeg; path = 10.jpg; sourceTree = "<group>"; };
		CB70736D1AE1A91400B3B88E /* ImagesTableViewController.h */ = {isa = PBXFileReference; fileEncoding = 4; lastKnownFileType = sourcecode.c.h; path = ImagesTableViewController.h; sourceTree = "<group>"; };
		CB70736E1AE1A91400B3B88E /* ImagesTableViewController.m */ = {isa = PBXFileReference; fileEncoding = 4; lastKnownFileType = sourcecode.c.objc; path = ImagesTableViewController.m; sourceTree = "<group>"; };
		CB8AE5B41B5D37E400C08DDE /* BLCLoginViewController.h */ = {isa = PBXFileReference; fileEncoding = 4; lastKnownFileType = sourcecode.c.h; path = BLCLoginViewController.h; sourceTree = "<group>"; };
		CB8AE5B51B5D37E400C08DDE /* BLCLoginViewController.m */ = {isa = PBXFileReference; fileEncoding = 4; lastKnownFileType = sourcecode.c.objc; path = BLCLoginViewController.m; sourceTree = "<group>"; };
/* End PBXFileReference section */

/* Begin PBXFrameworksBuildPhase section */
		CB6FAD7B1ACDB5F900E337C7 /* Frameworks */ = {
			isa = PBXFrameworksBuildPhase;
			buildActionMask = 2147483647;
			files = (
			);
			runOnlyForDeploymentPostprocessing = 0;
		};
		CB6FAD941ACDB5FA00E337C7 /* Frameworks */ = {
			isa = PBXFrameworksBuildPhase;
			buildActionMask = 2147483647;
			files = (
			);
			runOnlyForDeploymentPostprocessing = 0;
		};
/* End PBXFrameworksBuildPhase section */

/* Begin PBXGroup section */
		CB6FAD751ACDB5F900E337C7 = {
			isa = PBXGroup;
			children = (
				CB6FAD801ACDB5F900E337C7 /* BlocStagram */,
				CB6FAD9A1ACDB5FA00E337C7 /* BlocStagramTests */,
				CB6FAD7F1ACDB5F900E337C7 /* Products */,
			);
			sourceTree = "<group>";
		};
		CB6FAD7F1ACDB5F900E337C7 /* Products */ = {
			isa = PBXGroup;
			children = (
				CB6FAD7E1ACDB5F900E337C7 /* BlocStagram.app */,
				CB6FAD971ACDB5FA00E337C7 /* BlocStagramTests.xctest */,
			);
			name = Products;
			sourceTree = "<group>";
		};
		CB6FAD801ACDB5F900E337C7 /* BlocStagram */ = {
			isa = PBXGroup;
			children = (
				CB3DCE071AF1CE5900251A4B /* BLCUser.h */,
				CB3DCE0A1AF1CF4900251A4B /* BLCMedia.h */,
				CB3DCE0B1AF1CF4900251A4B /* BLCMedia.m */,
				CB3DCE0D1AF1D0BA00251A4B /* BLCComment.h */,
				CB3DCE0E1AF1D0BA00251A4B /* BLCComment.m */,
				CB3DCE101AF1D14900251A4B /* BLCDatasource.h */,
				CB3DCE111AF1D14900251A4B /* BLCDatasource.m */,
				CB8AE5B41B5D37E400C08DDE /* BLCLoginViewController.h */,
				CB8AE5B51B5D37E400C08DDE /* BLCLoginViewController.m */,
				CB3DCE131AF2BBE500251A4B /* BLCMediaTableViewCell.h */,
				CB3DCE141AF2BBE500251A4B /* BLCMediaTableViewCell.m */,
				CB3DCE081AF1CE5900251A4B /* BLCUser.m */,
				CB6FADA71ACDB7BE00E337C7 /* Default-568h@2x.png */,
				CB6FADA91ACDB83B00E337C7 /* Images */,
				CB6FAD851ACDB5F900E337C7 /* AppDelegate.h */,
				CB6FAD861ACDB5F900E337C7 /* AppDelegate.m */,
				CB6FAD881ACDB5F900E337C7 /* ViewController.h */,
				CB6FAD891ACDB5F900E337C7 /* ViewController.m */,
				CB6FAD8E1ACDB5F900E337C7 /* Images.xcassets */,
				CB6FAD811ACDB5F900E337C7 /* Supporting Files */,
				CB70736D1AE1A91400B3B88E /* ImagesTableViewController.h */,
				CB70736E1AE1A91400B3B88E /* ImagesTableViewController.m */,
			);
			path = BlocStagram;
			sourceTree = "<group>";
		};
		CB6FAD811ACDB5F900E337C7 /* Supporting Files */ = {
			isa = PBXGroup;
			children = (
				CB6FAD821ACDB5F900E337C7 /* Info.plist */,
				CB6FAD831ACDB5F900E337C7 /* main.m */,
			);
			name = "Supporting Files";
			sourceTree = "<group>";
		};
		CB6FAD9A1ACDB5FA00E337C7 /* BlocStagramTests */ = {
			isa = PBXGroup;
			children = (
				CB6FAD9D1ACDB5FA00E337C7 /* BlocStagramTests.m */,
				CB6FAD9B1ACDB5FA00E337C7 /* Supporting Files */,
			);
			path = BlocStagramTests;
			sourceTree = "<group>";
		};
		CB6FAD9B1ACDB5FA00E337C7 /* Supporting Files */ = {
			isa = PBXGroup;
			children = (
				CB6FAD9C1ACDB5FA00E337C7 /* Info.plist */,
			);
			name = "Supporting Files";
			sourceTree = "<group>";
		};
		CB6FADA91ACDB83B00E337C7 /* Images */ = {
			isa = PBXGroup;
			children = (
				CB6FADAA1ACDB8AF00E337C7 /* 1.jpg */,
				CB6FADAB1ACDB8AF00E337C7 /* 2.jpg */,
				CB6FADAC1ACDB8AF00E337C7 /* 3.jpg */,
				CB6FADAD1ACDB8AF00E337C7 /* 4.jpg */,
				CB6FADAE1ACDB8AF00E337C7 /* 5.jpg */,
				CB6FADAF1ACDB8AF00E337C7 /* 6.jpg */,
				CB6FADB01ACDB8AF00E337C7 /* 7.jpg */,
				CB6FADB11ACDB8AF00E337C7 /* 8.jpg */,
				CB6FADB21ACDB8AF00E337C7 /* 9.jpg */,
				CB6FADB31ACDB8AF00E337C7 /* 10.jpg */,
			);
			name = Images;
			path = ..;
			sourceTree = "<group>";
		};
/* End PBXGroup section */

/* Begin PBXNativeTarget section */
		CB6FAD7D1ACDB5F900E337C7 /* BlocStagram */ = {
			isa = PBXNativeTarget;
			buildConfigurationList = CB6FADA11ACDB5FA00E337C7 /* Build configuration list for PBXNativeTarget "BlocStagram" */;
			buildPhases = (
				CB6FAD7A1ACDB5F900E337C7 /* Sources */,
				CB6FAD7B1ACDB5F900E337C7 /* Frameworks */,
				CB6FAD7C1ACDB5F900E337C7 /* Resources */,
			);
			buildRules = (
			);
			dependencies = (
			);
			name = BlocStagram;
			productName = BlocStagram;
			productReference = CB6FAD7E1ACDB5F900E337C7 /* BlocStagram.app */;
			productType = "com.apple.product-type.application";
		};
		CB6FAD961ACDB5FA00E337C7 /* BlocStagramTests */ = {
			isa = PBXNativeTarget;
			buildConfigurationList = CB6FADA41ACDB5FA00E337C7 /* Build configuration list for PBXNativeTarget "BlocStagramTests" */;
			buildPhases = (
				CB6FAD931ACDB5FA00E337C7 /* Sources */,
				CB6FAD941ACDB5FA00E337C7 /* Frameworks */,
				CB6FAD951ACDB5FA00E337C7 /* Resources */,
			);
			buildRules = (
			);
			dependencies = (
				CB6FAD991ACDB5FA00E337C7 /* PBXTargetDependency */,
			);
			name = BlocStagramTests;
			productName = BlocStagramTests;
			productReference = CB6FAD971ACDB5FA00E337C7 /* BlocStagramTests.xctest */;
			productType = "com.apple.product-type.bundle.unit-test";
		};
/* End PBXNativeTarget section */

/* Begin PBXProject section */
		CB6FAD761ACDB5F900E337C7 /* Project object */ = {
			isa = PBXProject;
			attributes = {
				LastUpgradeCheck = 0620;
				ORGANIZATIONNAME = Bloc;
				TargetAttributes = {
					CB6FAD7D1ACDB5F900E337C7 = {
						CreatedOnToolsVersion = 6.2;
					};
					CB6FAD961ACDB5FA00E337C7 = {
						CreatedOnToolsVersion = 6.2;
						TestTargetID = CB6FAD7D1ACDB5F900E337C7;
					};
				};
			};
			buildConfigurationList = CB6FAD791ACDB5F900E337C7 /* Build configuration list for PBXProject "BlocStagram" */;
			compatibilityVersion = "Xcode 3.2";
			developmentRegion = English;
			hasScannedForEncodings = 0;
			knownRegions = (
				en,
				Base,
			);
			mainGroup = CB6FAD751ACDB5F900E337C7;
			productRefGroup = CB6FAD7F1ACDB5F900E337C7 /* Products */;
			projectDirPath = "";
			projectRoot = "";
			targets = (
				CB6FAD7D1ACDB5F900E337C7 /* BlocStagram */,
				CB6FAD961ACDB5FA00E337C7 /* BlocStagramTests */,
			);
		};
/* End PBXProject section */

/* Begin PBXResourcesBuildPhase section */
		CB6FAD7C1ACDB5F900E337C7 /* Resources */ = {
			isa = PBXResourcesBuildPhase;
			buildActionMask = 2147483647;
			files = (
				CB6FADBC1ACDB8AF00E337C7 /* 9.jpg in Resources */,
				CB6FADBB1ACDB8AF00E337C7 /* 8.jpg in Resources */,
				CB6FADB71ACDB8AF00E337C7 /* 4.jpg in Resources */,
				CB6FADB61ACDB8AF00E337C7 /* 3.jpg in Resources */,
				CB6FADB91ACDB8AF00E337C7 /* 6.jpg in Resources */,
				CB6FADB41ACDB8AF00E337C7 /* 1.jpg in Resources */,
				CB6FAD8F1ACDB5F900E337C7 /* Images.xcassets in Resources */,
				CB6FADB81ACDB8AF00E337C7 /* 5.jpg in Resources */,
				CB6FADBA1ACDB8AF00E337C7 /* 7.jpg in Resources */,
				CB6FADB51ACDB8AF00E337C7 /* 2.jpg in Resources */,
				CB6FADBD1ACDB8AF00E337C7 /* 10.jpg in Resources */,
				CB6FADA81ACDB7BE00E337C7 /* Default-568h@2x.png in Resources */,
			);
			runOnlyForDeploymentPostprocessing = 0;
		};
		CB6FAD951ACDB5FA00E337C7 /* Resources */ = {
			isa = PBXResourcesBuildPhase;
			buildActionMask = 2147483647;
			files = (
			);
			runOnlyForDeploymentPostprocessing = 0;
		};
/* End PBXResourcesBuildPhase section */

/* Begin PBXSourcesBuildPhase section */
		CB6FAD7A1ACDB5F900E337C7 /* Sources */ = {
			isa = PBXSourcesBuildPhase;
			buildActionMask = 2147483647;
			files = (
				CB6FAD8A1ACDB5F900E337C7 /* ViewController.m in Sources */,
				CB6FAD871ACDB5F900E337C7 /* AppDelegate.m in Sources */,
				CB3DCE151AF2BBE500251A4B /* BLCMediaTableViewCell.m in Sources */,
				CB3DCE0C1AF1CF4900251A4B /* BLCMedia.m in Sources */,
				CB6FAD841ACDB5F900E337C7 /* main.m in Sources */,
				CB70736F1AE1A91400B3B88E /* ImagesTableViewController.m in Sources */,
				CB3DCE091AF1CE5900251A4B /* BLCUser.m in Sources */,
				CB3DCE121AF1D14900251A4B /* BLCDatasource.m in Sources */,
				CB8AE5B61B5D37E400C08DDE /* BLCLoginViewController.m in Sources */,
				CB3DCE0F1AF1D0BA00251A4B /* BLCComment.m in Sources */,
			);
			runOnlyForDeploymentPostprocessing = 0;
		};
		CB6FAD931ACDB5FA00E337C7 /* Sources */ = {
			isa = PBXSourcesBuildPhase;
			buildActionMask = 2147483647;
			files = (
				CB6FAD9E1ACDB5FA00E337C7 /* BlocStagramTests.m in Sources */,
			);
			runOnlyForDeploymentPostprocessing = 0;
		};
/* End PBXSourcesBuildPhase section */

/* Begin PBXTargetDependency section */
		CB6FAD991ACDB5FA00E337C7 /* PBXTargetDependency */ = {
			isa = PBXTargetDependency;
			target = CB6FAD7D1ACDB5F900E337C7 /* BlocStagram */;
			targetProxy = CB6FAD981ACDB5FA00E337C7 /* PBXContainerItemProxy */;
		};
/* End PBXTargetDependency section */

/* Begin XCBuildConfiguration section */
		CB6FAD9F1ACDB5FA00E337C7 /* Debug */ = {
			isa = XCBuildConfiguration;
			buildSettings = {
				ALWAYS_SEARCH_USER_PATHS = NO;
				CLANG_CXX_LANGUAGE_STANDARD = "gnu++0x";
				CLANG_CXX_LIBRARY = "libc++";
				CLANG_ENABLE_MODULES = YES;
				CLANG_ENABLE_OBJC_ARC = YES;
				CLANG_WARN_BOOL_CONVERSION = YES;
				CLANG_WARN_CONSTANT_CONVERSION = YES;
				CLANG_WARN_DIRECT_OBJC_ISA_USAGE = YES_ERROR;
				CLANG_WARN_EMPTY_BODY = YES;
				CLANG_WARN_ENUM_CONVERSION = YES;
				CLANG_WARN_INT_CONVERSION = YES;
				CLANG_WARN_OBJC_ROOT_CLASS = YES_ERROR;
				CLANG_WARN_UNREACHABLE_CODE = YES;
				CLANG_WARN__DUPLICATE_METHOD_MATCH = YES;
				"CODE_SIGN_IDENTITY[sdk=iphoneos*]" = "iPhone Developer";
				COPY_PHASE_STRIP = NO;
				ENABLE_STRICT_OBJC_MSGSEND = YES;
				GCC_C_LANGUAGE_STANDARD = gnu99;
				GCC_DYNAMIC_NO_PIC = NO;
				GCC_OPTIMIZATION_LEVEL = 0;
				GCC_PREPROCESSOR_DEFINITIONS = (
					"DEBUG=1",
					"$(inherited)",
				);
				GCC_SYMBOLS_PRIVATE_EXTERN = NO;
				GCC_WARN_64_TO_32_BIT_CONVERSION = YES;
				GCC_WARN_ABOUT_RETURN_TYPE = YES_ERROR;
				GCC_WARN_UNDECLARED_SELECTOR = YES;
				GCC_WARN_UNINITIALIZED_AUTOS = YES_AGGRESSIVE;
				GCC_WARN_UNUSED_FUNCTION = YES;
				GCC_WARN_UNUSED_VARIABLE = YES;
				IPHONEOS_DEPLOYMENT_TARGET = 8.2;
				MTL_ENABLE_DEBUG_INFO = YES;
				ONLY_ACTIVE_ARCH = YES;
				SDKROOT = iphoneos;
				TARGETED_DEVICE_FAMILY = "1,2";
			};
			name = Debug;
		};
		CB6FADA01ACDB5FA00E337C7 /* Release */ = {
			isa = XCBuildConfiguration;
			buildSettings = {
				ALWAYS_SEARCH_USER_PATHS = NO;
				CLANG_CXX_LANGUAGE_STANDARD = "gnu++0x";
				CLANG_CXX_LIBRARY = "libc++";
				CLANG_ENABLE_MODULES = YES;
				CLANG_ENABLE_OBJC_ARC = YES;
				CLANG_WARN_BOOL_CONVERSION = YES;
				CLANG_WARN_CONSTANT_CONVERSION = YES;
				CLANG_WARN_DIRECT_OBJC_ISA_USAGE = YES_ERROR;
				CLANG_WARN_EMPTY_BODY = YES;
				CLANG_WARN_ENUM_CONVERSION = YES;
				CLANG_WARN_INT_CONVERSION = YES;
				CLANG_WARN_OBJC_ROOT_CLASS = YES_ERROR;
				CLANG_WARN_UNREACHABLE_CODE = YES;
				CLANG_WARN__DUPLICATE_METHOD_MATCH = YES;
				"CODE_SIGN_IDENTITY[sdk=iphoneos*]" = "iPhone Developer";
				COPY_PHASE_STRIP = NO;
				ENABLE_NS_ASSERTIONS = NO;
				ENABLE_STRICT_OBJC_MSGSEND = YES;
				GCC_C_LANGUAGE_STANDARD = gnu99;
				GCC_WARN_64_TO_32_BIT_CONVERSION = YES;
				GCC_WARN_ABOUT_RETURN_TYPE = YES_ERROR;
				GCC_WARN_UNDECLARED_SELECTOR = YES;
				GCC_WARN_UNINITIALIZED_AUTOS = YES_AGGRESSIVE;
				GCC_WARN_UNUSED_FUNCTION = YES;
				GCC_WARN_UNUSED_VARIABLE = YES;
				IPHONEOS_DEPLOYMENT_TARGET = 8.2;
				MTL_ENABLE_DEBUG_INFO = NO;
				SDKROOT = iphoneos;
				TARGETED_DEVICE_FAMILY = "1,2";
				VALIDATE_PRODUCT = YES;
			};
			name = Release;
		};
		CB6FADA21ACDB5FA00E337C7 /* Debug */ = {
			isa = XCBuildConfiguration;
			buildSettings = {
				ASSETCATALOG_COMPILER_APPICON_NAME = AppIcon;
				INFOPLIST_FILE = BlocStagram/Info.plist;
				LD_RUNPATH_SEARCH_PATHS = "$(inherited) @executable_path/Frameworks";
				PRODUCT_NAME = "$(TARGET_NAME)";
			};
			name = Debug;
		};
		CB6FADA31ACDB5FA00E337C7 /* Release */ = {
			isa = XCBuildConfiguration;
			buildSettings = {
				ASSETCATALOG_COMPILER_APPICON_NAME = AppIcon;
				INFOPLIST_FILE = BlocStagram/Info.plist;
				LD_RUNPATH_SEARCH_PATHS = "$(inherited) @executable_path/Frameworks";
				PRODUCT_NAME = "$(TARGET_NAME)";
			};
			name = Release;
		};
		CB6FADA51ACDB5FA00E337C7 /* Debug */ = {
			isa = XCBuildConfiguration;
			buildSettings = {
				BUNDLE_LOADER = "$(TEST_HOST)";
				FRAMEWORK_SEARCH_PATHS = (
					"$(SDKROOT)/Developer/Library/Frameworks",
					"$(inherited)",
				);
				GCC_PREPROCESSOR_DEFINITIONS = (
					"DEBUG=1",
					"$(inherited)",
				);
				INFOPLIST_FILE = BlocStagramTests/Info.plist;
				LD_RUNPATH_SEARCH_PATHS = "$(inherited) @executable_path/Frameworks @loader_path/Frameworks";
				PRODUCT_NAME = "$(TARGET_NAME)";
				TEST_HOST = "$(BUILT_PRODUCTS_DIR)/BlocStagram.app/BlocStagram";
			};
			name = Debug;
		};
		CB6FADA61ACDB5FA00E337C7 /* Release */ = {
			isa = XCBuildConfiguration;
			buildSettings = {
				BUNDLE_LOADER = "$(TEST_HOST)";
				FRAMEWORK_SEARCH_PATHS = (
					"$(SDKROOT)/Developer/Library/Frameworks",
					"$(inherited)",
				);
				INFOPLIST_FILE = BlocStagramTests/Info.plist;
				LD_RUNPATH_SEARCH_PATHS = "$(inherited) @executable_path/Frameworks @loader_path/Frameworks";
				PRODUCT_NAME = "$(TARGET_NAME)";
				TEST_HOST = "$(BUILT_PRODUCTS_DIR)/BlocStagram.app/BlocStagram";
			};
			name = Release;
		};
/* End XCBuildConfiguration section */

/* Begin XCConfigurationList section */
		CB6FAD791ACDB5F900E337C7 /* Build configuration list for PBXProject "BlocStagram" */ = {
			isa = XCConfigurationList;
			buildConfigurations = (
				CB6FAD9F1ACDB5FA00E337C7 /* Debug */,
				CB6FADA01ACDB5FA00E337C7 /* Release */,
			);
			defaultConfigurationIsVisible = 0;
			defaultConfigurationName = Release;
		};
		CB6FADA11ACDB5FA00E337C7 /* Build configuration list for PBXNativeTarget "BlocStagram" */ = {
			isa = XCConfigurationList;
			buildConfigurations = (
				CB6FADA21ACDB5FA00E337C7 /* Debug */,
				CB6FADA31ACDB5FA00E337C7 /* Release */,
			);
			defaultConfigurationIsVisible = 0;
			defaultConfigurationName = Release;
		};
		CB6FADA41ACDB5FA00E337C7 /* Build configuration list for PBXNativeTarget "BlocStagramTests" */ = {
			isa = XCConfigurationList;
			buildConfigurations = (
				CB6FADA51ACDB5FA00E337C7 /* Debug */,
				CB6FADA61ACDB5FA00E337C7 /* Release */,
			);
			defaultConfigurationIsVisible = 0;
			defaultConfigurationName = Release;
		};
/* End XCConfigurationList section */
	};
	rootObject = CB6FAD761ACDB5F900E337C7 /* Project object */;
}
